
Microsoft Visual Studio Solution File, Format Version 12.00
# Visual Studio 15
VisualStudioVersion = 15.0.28307.421
MinimumVisualStudioVersion = 10.0.40219.1
Project("{FAE04EC0-301F-11D3-BF4B-00C04F79EFBC}") = "FluentValidation.ValidationExceptionToBadRequestMapping", "FluentValidation.ValidationExceptionToBadRequestMapping\FluentValidation.ValidationExceptionToBadRequestMapping.csproj", "{E54522BA-9B0C-4F04-8620-1302BB9763F3}"
EndProject
Global
	GlobalSection(SolutionConfigurationPlatforms) = preSolution
		Debug|Any CPU = Debug|Any CPU
		Release|Any CPU = Release|Any CPU
	EndGlobalSection
	GlobalSection(ProjectConfigurationPlatforms) = postSolution
		{E54522BA-9B0C-4F04-8620-1302BB9763F3}.Debug|Any CPU.ActiveCfg = Debug|Any CPU
		{E54522BA-9B0C-4F04-8620-1302BB9763F3}.Debug|Any CPU.Build.0 = Debug|Any CPU
		{E54522BA-9B0C-4F04-8620-1302BB9763F3}.Release|Any CPU.ActiveCfg = Release|Any CPU
		{E54522BA-9B0C-4F04-8620-1302BB9763F3}.Release|Any CPU.Build.0 = Release|Any CPU
	EndGlobalSection
	GlobalSection(SolutionProperties) = preSolution
		HideSolutionNode = FALSE
	EndGlobalSection
	GlobalSection(ExtensibilityGlobals) = postSolution
		SolutionGuid = {F7B9BD39-7044-4273-9220-2BE4593B3C13}
	EndGlobalSection
EndGlobal
